
Microsoft Visual Studio Solution File, Format Version 12.00
# Visual Studio Version 16
VisualStudioVersion = 16.0.31624.102
MinimumVisualStudioVersion = 10.0.40219.1
Project("{FAE04EC0-301F-11D3-BF4B-00C04F79EFBC}") = "RGR", "RGR\RGR.csproj", "{81D2BFFC-274B-40B1-8843-FCAC7D445F63}"
EndProject
Project("{FAE04EC0-301F-11D3-BF4B-00C04F79EFBC}") = "Workers", "Workers\Workers.csproj", "{E575DBDD-45DA-4219-9826-0DC4B80D34B7}"
EndProject
Global
	GlobalSection(SolutionConfigurationPlatforms) = preSolution
		Debug|Any CPU = Debug|Any CPU
		Release|Any CPU = Release|Any CPU
	EndGlobalSection
	GlobalSection(ProjectConfigurationPlatforms) = postSolution
		{81D2BFFC-274B-40B1-8843-FCAC7D445F63}.Debug|Any CPU.ActiveCfg = Debug|Any CPU
		{81D2BFFC-274B-40B1-8843-FCAC7D445F63}.Debug|Any CPU.Build.0 = Debug|Any CPU
		{81D2BFFC-274B-40B1-8843-FCAC7D445F63}.Release|Any CPU.ActiveCfg = Release|Any CPU
		{81D2BFFC-274B-40B1-8843-FCAC7D445F63}.Release|Any CPU.Build.0 = Release|Any CPU
		{E575DBDD-45DA-4219-9826-0DC4B80D34B7}.Debug|Any CPU.ActiveCfg = Debug|Any CPU
		{E575DBDD-45DA-4219-9826-0DC4B80D34B7}.Debug|Any CPU.Build.0 = Debug|Any CPU
		{E575DBDD-45DA-4219-9826-0DC4B80D34B7}.Release|Any CPU.ActiveCfg = Release|Any CPU
		{E575DBDD-45DA-4219-9826-0DC4B80D34B7}.Release|Any CPU.Build.0 = Release|Any CPU
	EndGlobalSection
	GlobalSection(SolutionProperties) = preSolution
		HideSolutionNode = FALSE
	EndGlobalSection
	GlobalSection(ExtensibilityGlobals) = postSolution
		SolutionGuid = {2071E5BA-FE18-43E1-A72D-BF4662626A8A}
	EndGlobalSection
EndGlobal
