
Microsoft Visual Studio Solution File, Format Version 12.00
# Visual Studio Version 16
VisualStudioVersion = 16.0.31624.102
MinimumVisualStudioVersion = 10.0.40219.1
Project("{FAE04EC0-301F-11D3-BF4B-00C04F79EFBC}") = "Lab07", "Lab04\Lab07.csproj", "{468A59FD-A3E1-47EE-9472-AFE09EF59424}"
EndProject
Project("{FAE04EC0-301F-11D3-BF4B-00C04F79EFBC}") = "ClassLibrary", "ClassLibraryHotel\ClassLibrary.csproj", "{09C9F0E7-DC28-49DD-AA31-4E9E605E6BE3}"
EndProject
Project("{FAE04EC0-301F-11D3-BF4B-00C04F79EFBC}") = "WindowsFormsControlLibrary", "WindowsFormsControlLibrary_\WindowsFormsControlLibrary.csproj", "{321C3A91-7F3C-4046-B669-5562A3BC87CD}"
EndProject
Global
	GlobalSection(SolutionConfigurationPlatforms) = preSolution
		Debug|Any CPU = Debug|Any CPU
		Release|Any CPU = Release|Any CPU
	EndGlobalSection
	GlobalSection(ProjectConfigurationPlatforms) = postSolution
		{468A59FD-A3E1-47EE-9472-AFE09EF59424}.Debug|Any CPU.ActiveCfg = Debug|Any CPU
		{468A59FD-A3E1-47EE-9472-AFE09EF59424}.Debug|Any CPU.Build.0 = Debug|Any CPU
		{468A59FD-A3E1-47EE-9472-AFE09EF59424}.Release|Any CPU.ActiveCfg = Release|Any CPU
		{468A59FD-A3E1-47EE-9472-AFE09EF59424}.Release|Any CPU.Build.0 = Release|Any CPU
		{09C9F0E7-DC28-49DD-AA31-4E9E605E6BE3}.Debug|Any CPU.ActiveCfg = Debug|Any CPU
		{09C9F0E7-DC28-49DD-AA31-4E9E605E6BE3}.Debug|Any CPU.Build.0 = Debug|Any CPU
		{09C9F0E7-DC28-49DD-AA31-4E9E605E6BE3}.Release|Any CPU.ActiveCfg = Release|Any CPU
		{09C9F0E7-DC28-49DD-AA31-4E9E605E6BE3}.Release|Any CPU.Build.0 = Release|Any CPU
		{321C3A91-7F3C-4046-B669-5562A3BC87CD}.Debug|Any CPU.ActiveCfg = Debug|Any CPU
		{321C3A91-7F3C-4046-B669-5562A3BC87CD}.Debug|Any CPU.Build.0 = Debug|Any CPU
		{321C3A91-7F3C-4046-B669-5562A3BC87CD}.Release|Any CPU.ActiveCfg = Release|Any CPU
		{321C3A91-7F3C-4046-B669-5562A3BC87CD}.Release|Any CPU.Build.0 = Release|Any CPU
	EndGlobalSection
	GlobalSection(SolutionProperties) = preSolution
		HideSolutionNode = FALSE
	EndGlobalSection
	GlobalSection(ExtensibilityGlobals) = postSolution
		SolutionGuid = {2330B3A3-A786-4428-8C64-4BC9B80CCDE8}
	EndGlobalSection
EndGlobal
