
Microsoft Visual Studio Solution File, Format Version 12.00
# Visual Studio Version 16
VisualStudioVersion = 16.0.31624.102
MinimumVisualStudioVersion = 10.0.40219.1
Project("{FAE04EC0-301F-11D3-BF4B-00C04F79EFBC}") = "dotNet_Lab1", "dotNet_Lab1\dotNet_Lab1.csproj", "{F2C4FD33-5CDB-4EDD-9894-D376BB364461}"
EndProject
Global
	GlobalSection(SolutionConfigurationPlatforms) = preSolution
		Debug|Any CPU = Debug|Any CPU
		Release|Any CPU = Release|Any CPU
	EndGlobalSection
	GlobalSection(ProjectConfigurationPlatforms) = postSolution
		{F2C4FD33-5CDB-4EDD-9894-D376BB364461}.Debug|Any CPU.ActiveCfg = Debug|Any CPU
		{F2C4FD33-5CDB-4EDD-9894-D376BB364461}.Debug|Any CPU.Build.0 = Debug|Any CPU
		{F2C4FD33-5CDB-4EDD-9894-D376BB364461}.Release|Any CPU.ActiveCfg = Release|Any CPU
		{F2C4FD33-5CDB-4EDD-9894-D376BB364461}.Release|Any CPU.Build.0 = Release|Any CPU
	EndGlobalSection
	GlobalSection(SolutionProperties) = preSolution
		HideSolutionNode = FALSE
	EndGlobalSection
	GlobalSection(ExtensibilityGlobals) = postSolution
		SolutionGuid = {0326BF6B-1D6E-433E-82D9-B97133973AF5}
	EndGlobalSection
EndGlobal
