
Microsoft Visual Studio Solution File, Format Version 12.00
# Visual Studio Version 16
VisualStudioVersion = 16.0.31613.86
MinimumVisualStudioVersion = 10.0.40219.1
Project("{FAE04EC0-301F-11D3-BF4B-00C04F79EFBC}") = "8.Notepad", "8.Notepad\8.Notepad.csproj", "{9565A797-C28D-466A-B140-BAE4F05A8600}"
EndProject
Global
	GlobalSection(SolutionConfigurationPlatforms) = preSolution
		Debug|Any CPU = Debug|Any CPU
		Release|Any CPU = Release|Any CPU
	EndGlobalSection
	GlobalSection(ProjectConfigurationPlatforms) = postSolution
		{9565A797-C28D-466A-B140-BAE4F05A8600}.Debug|Any CPU.ActiveCfg = Debug|Any CPU
		{9565A797-C28D-466A-B140-BAE4F05A8600}.Debug|Any CPU.Build.0 = Debug|Any CPU
		{9565A797-C28D-466A-B140-BAE4F05A8600}.Release|Any CPU.ActiveCfg = Release|Any CPU
		{9565A797-C28D-466A-B140-BAE4F05A8600}.Release|Any CPU.Build.0 = Release|Any CPU
	EndGlobalSection
	GlobalSection(SolutionProperties) = preSolution
		HideSolutionNode = FALSE
	EndGlobalSection
	GlobalSection(ExtensibilityGlobals) = postSolution
		SolutionGuid = {C5E0C00A-CDE9-4E62-B046-8222105833D1}
	EndGlobalSection
EndGlobal
