
Microsoft Visual Studio Solution File, Format Version 12.00
# Visual Studio Version 16
VisualStudioVersion = 16.0.31624.102
MinimumVisualStudioVersion = 10.0.40219.1
Project("{FAE04EC0-301F-11D3-BF4B-00C04F79EFBC}") = "dotNet_lab_3", "dotNet_lab_3\dotNet_lab_3.csproj", "{29C15758-0F31-4B99-A86C-3A292E9C2B4C}"
EndProject
Global
	GlobalSection(SolutionConfigurationPlatforms) = preSolution
		Debug|Any CPU = Debug|Any CPU
		Release|Any CPU = Release|Any CPU
	EndGlobalSection
	GlobalSection(ProjectConfigurationPlatforms) = postSolution
		{29C15758-0F31-4B99-A86C-3A292E9C2B4C}.Debug|Any CPU.ActiveCfg = Debug|Any CPU
		{29C15758-0F31-4B99-A86C-3A292E9C2B4C}.Debug|Any CPU.Build.0 = Debug|Any CPU
		{29C15758-0F31-4B99-A86C-3A292E9C2B4C}.Release|Any CPU.ActiveCfg = Release|Any CPU
		{29C15758-0F31-4B99-A86C-3A292E9C2B4C}.Release|Any CPU.Build.0 = Release|Any CPU
	EndGlobalSection
	GlobalSection(SolutionProperties) = preSolution
		HideSolutionNode = FALSE
	EndGlobalSection
	GlobalSection(ExtensibilityGlobals) = postSolution
		SolutionGuid = {3E7BC782-7496-446C-A5CD-C24A51D67263}
	EndGlobalSection
EndGlobal
